
Microsoft Visual Studio Solution File, Format Version 12.00
# Visual Studio Version 16
VisualStudioVersion = 16.0.31829.152
MinimumVisualStudioVersion = 10.0.40219.1
Project("{FAE04EC0-301F-11D3-BF4B-00C04F79EFBC}") = "Task23", "Task23\Task23.csproj", "{2430CF0C-7B1C-4C26-AE49-BDE94C7C7576}"
EndProject
Global
	GlobalSection(SolutionConfigurationPlatforms) = preSolution
		Debug|Any CPU = Debug|Any CPU
		Release|Any CPU = Release|Any CPU
	EndGlobalSection
	GlobalSection(ProjectConfigurationPlatforms) = postSolution
		{2430CF0C-7B1C-4C26-AE49-BDE94C7C7576}.Debug|Any CPU.ActiveCfg = Debug|Any CPU
		{2430CF0C-7B1C-4C26-AE49-BDE94C7C7576}.Debug|Any CPU.Build.0 = Debug|Any CPU
		{2430CF0C-7B1C-4C26-AE49-BDE94C7C7576}.Release|Any CPU.ActiveCfg = Release|Any CPU
		{2430CF0C-7B1C-4C26-AE49-BDE94C7C7576}.Release|Any CPU.Build.0 = Release|Any CPU
	EndGlobalSection
	GlobalSection(SolutionProperties) = preSolution
		HideSolutionNode = FALSE
	EndGlobalSection
	GlobalSection(ExtensibilityGlobals) = postSolution
		SolutionGuid = {EB22E1A3-DB26-49A8-AFB8-2EB92CDAB4CF}
	EndGlobalSection
EndGlobal
